
Microsoft Visual Studio Solution File, Format Version 12.00
# Visual Studio Express 2012 for Windows Desktop
Project("{FAE04EC0-301F-11D3-BF4B-00C04F79EFBC}") = "NovaPacker", "NovaPacker\NovaPacker.csproj", "{F176A366-01AC-4679-809A-161CB2EEBACD}"
EndProject
Global
	GlobalSection(SolutionConfigurationPlatforms) = preSolution
		Debug|Any CPU = Debug|Any CPU
		Release|Any CPU = Release|Any CPU
	EndGlobalSection
	GlobalSection(ProjectConfigurationPlatforms) = postSolution
		{F176A366-01AC-4679-809A-161CB2EEBACD}.Debug|Any CPU.ActiveCfg = Debug|Any CPU
		{F176A366-01AC-4679-809A-161CB2EEBACD}.Debug|Any CPU.Build.0 = Debug|Any CPU
		{F176A366-01AC-4679-809A-161CB2EEBACD}.Release|Any CPU.ActiveCfg = Release|Any CPU
		{F176A366-01AC-4679-809A-161CB2EEBACD}.Release|Any CPU.Build.0 = Release|Any CPU
	EndGlobalSection
	GlobalSection(SolutionProperties) = preSolution
		HideSolutionNode = FALSE
	EndGlobalSection
EndGlobal
